
Microsoft Visual Studio Solution File, Format Version 12.00
# Visual Studio Version 17
VisualStudioVersion = 17.3.32929.385
MinimumVisualStudioVersion = 10.0.40219.1
Project("{9A19103F-16F7-4668-BE54-9A1E7A4F7556}") = "Repositories", "Repositories\Repositories.csproj", "{900590D5-641C-46F1-962F-59FDA537CE38}"
EndProject
Project("{9A19103F-16F7-4668-BE54-9A1E7A4F7556}") = "Services", "Services\Services.csproj", "{B5251930-0EE2-46B2-B664-5F5EB03CA7D5}"
EndProject
Project("{9A19103F-16F7-4668-BE54-9A1E7A4F7556}") = "Common", "Common\Common.csproj", "{441A99F4-5A2C-4F46-89EC-F4093B49F758}"
EndProject
Project("{FAE04EC0-301F-11D3-BF4B-00C04F79EFBC}") = "MyDbContext", "MyDbContext\MyDbContext.csproj", "{BC8CF961-909C-4DA6-A195-8198BCC23F1F}"
EndProject
Project("{FAE04EC0-301F-11D3-BF4B-00C04F79EFBC}") = "MyWebAPI", "MyWebAPI\MyWebAPI.csproj", "{BEE249BA-0ECB-4ED7-A3E8-1660117D9D8E}"
EndProject
Global
	GlobalSection(SolutionConfigurationPlatforms) = preSolution
		Debug|Any CPU = Debug|Any CPU
		Release|Any CPU = Release|Any CPU
	EndGlobalSection
	GlobalSection(ProjectConfigurationPlatforms) = postSolution
		{900590D5-641C-46F1-962F-59FDA537CE38}.Debug|Any CPU.ActiveCfg = Debug|Any CPU
		{900590D5-641C-46F1-962F-59FDA537CE38}.Debug|Any CPU.Build.0 = Debug|Any CPU
		{900590D5-641C-46F1-962F-59FDA537CE38}.Release|Any CPU.ActiveCfg = Release|Any CPU
		{900590D5-641C-46F1-962F-59FDA537CE38}.Release|Any CPU.Build.0 = Release|Any CPU
		{B5251930-0EE2-46B2-B664-5F5EB03CA7D5}.Debug|Any CPU.ActiveCfg = Debug|Any CPU
		{B5251930-0EE2-46B2-B664-5F5EB03CA7D5}.Debug|Any CPU.Build.0 = Debug|Any CPU
		{B5251930-0EE2-46B2-B664-5F5EB03CA7D5}.Release|Any CPU.ActiveCfg = Release|Any CPU
		{B5251930-0EE2-46B2-B664-5F5EB03CA7D5}.Release|Any CPU.Build.0 = Release|Any CPU
		{441A99F4-5A2C-4F46-89EC-F4093B49F758}.Debug|Any CPU.ActiveCfg = Debug|Any CPU
		{441A99F4-5A2C-4F46-89EC-F4093B49F758}.Debug|Any CPU.Build.0 = Debug|Any CPU
		{441A99F4-5A2C-4F46-89EC-F4093B49F758}.Release|Any CPU.ActiveCfg = Release|Any CPU
		{441A99F4-5A2C-4F46-89EC-F4093B49F758}.Release|Any CPU.Build.0 = Release|Any CPU
		{BC8CF961-909C-4DA6-A195-8198BCC23F1F}.Debug|Any CPU.ActiveCfg = Debug|Any CPU
		{BC8CF961-909C-4DA6-A195-8198BCC23F1F}.Debug|Any CPU.Build.0 = Debug|Any CPU
		{BC8CF961-909C-4DA6-A195-8198BCC23F1F}.Release|Any CPU.ActiveCfg = Release|Any CPU
		{BC8CF961-909C-4DA6-A195-8198BCC23F1F}.Release|Any CPU.Build.0 = Release|Any CPU
		{BEE249BA-0ECB-4ED7-A3E8-1660117D9D8E}.Debug|Any CPU.ActiveCfg = Debug|Any CPU
		{BEE249BA-0ECB-4ED7-A3E8-1660117D9D8E}.Debug|Any CPU.Build.0 = Debug|Any CPU
		{BEE249BA-0ECB-4ED7-A3E8-1660117D9D8E}.Release|Any CPU.ActiveCfg = Release|Any CPU
		{BEE249BA-0ECB-4ED7-A3E8-1660117D9D8E}.Release|Any CPU.Build.0 = Release|Any CPU
	EndGlobalSection
	GlobalSection(SolutionProperties) = preSolution
		HideSolutionNode = FALSE
	EndGlobalSection
	GlobalSection(ExtensibilityGlobals) = postSolution
		SolutionGuid = {8E0F9A06-54BC-415A-AC18-1D9ECE3F4E36}
	EndGlobalSection
EndGlobal
